{
  "name": "js_src",
  "lockfileVersion": 3,
  "requires": true,
  "packages": {
    "": {
      "dependencies": {
        "jsonic": "^2.16.0"
      }
    },
    "node_modules/jsonic": {
      "version": "2.16.0",
      "resolved": "https://registry.npmjs.org/jsonic/-/jsonic-2.16.0.tgz",
      "integrity": "sha512-qxsSBQzcP/vC0ZIhuPtj1db0T7NA+knH30vIPzm7W7C7J0LJ/hqkvda50Xlo8JAAu7rNBbO/aWvcsycyG4kvjg==",
      "license": "MIT",
      "bin": {
        "jsonic": "bin/jsonic"
      }
    }
  }
}
